{
  "name": "Credit Cartel",
  "lockfileVersion": 2,
  "requires": true,
  "packages": {
    "": {
      "dependencies": {
        "referral-codes": "^2.0.1"
      }
    },
    "node_modules/referral-codes": {
      "version": "2.0.1",
      "resolved": "https://registry.npmjs.org/referral-codes/-/referral-codes-2.0.1.tgz",
      "integrity": "sha512-FVu3U2DaJzXKj3USgIcIfHWs6NTJrK2xDtRroIOI39nuHkft+pYpLbwW4NuUVCvHkIcxLSLBgrN/ynyA0jPNBQ=="
    }
  },
  "dependencies": {
    "referral-codes": {
      "version": "2.0.1",
      "resolved": "https://registry.npmjs.org/referral-codes/-/referral-codes-2.0.1.tgz",
      "integrity": "sha512-FVu3U2DaJzXKj3USgIcIfHWs6NTJrK2xDtRroIOI39nuHkft+pYpLbwW4NuUVCvHkIcxLSLBgrN/ynyA0jPNBQ=="
    }
  }
}
